{
  "version": "4",
  "specifiers": {
    "npm:rxjs@^7.8.0": "7.8.1"
  },
  "npm": {
    "rxjs@7.8.1": {
      "integrity": "sha512-AA3TVj+0A2iuIoQkWEK/tqFjBq2j+6PO6Y0zJcvzLAFhEFIO3HL0vls9hWLncZbAAbK0mar7oZ4V079I/qPMxg==",
      "dependencies": [
        "tslib"
      ]
    },
    "tslib@2.8.0": {
      "integrity": "sha512-jWVzBLplnCmoaTr13V9dYbiQ99wvZRd0vNWaDRg+aVYRcjDF3nDksxFDE/+fkXnKhpnUUkmx5pK/v8mCtLVqZA=="
    }
  },
  "workspace": {
    "packageJson": {
      "dependencies": [
        "npm:rxjs@^7.8.0"
      ]
    }
  }
}
